// !$*UTF8*$!
{
	archiveVersion = 1;
	classes = {
	};
	objectVersion = 51;
	objects = {

/* Begin PBXBuildFile section */
		202F54C0B0EE5F68515293C9 /* Pods_playdate_app.framework in Frameworks */ = {isa = PBXBuildFile; fileRef = F3562E0F7E2F4D0CAC342E83 /* Pods_playdate_app.framework */; };
		2395479624229355007D0EAD /* LoginViewController.swift in Sources */ = {isa = PBXBuildFile; fileRef = 2395479524229355007D0EAD /* LoginViewController.swift */; };
		23A15B2924240FD3003E7151 /* SignUpViewController.swift in Sources */ = {isa = PBXBuildFile; fileRef = 23A15B2824240FD3003E7151 /* SignUpViewController.swift */; };
		23D6D72B2445057800C02A48 /* ChangeDetailsViewController.swift in Sources */ = {isa = PBXBuildFile; fileRef = 23D6D72A2445057800C02A48 /* ChangeDetailsViewController.swift */; };
		23D6D72D244505A500C02A48 /* ChangePasswordViewController.swift in Sources */ = {isa = PBXBuildFile; fileRef = 23D6D72C244505A500C02A48 /* ChangePasswordViewController.swift */; };
		6DBB768A012FF76E9D27D6CD /* Pods_playdate_app_playdate_appUITests.framework in Frameworks */ = {isa = PBXBuildFile; fileRef = D86A54DA98FAA723E151B7D6 /* Pods_playdate_app_playdate_appUITests.framework */; };
		6FB30AF1243D2E0800C5C945 /* SearchViewController.swift in Sources */ = {isa = PBXBuildFile; fileRef = 6FB30AF0243D2E0800C5C945 /* SearchViewController.swift */; };
		7F4A61152422B8C000E9C206 /* EventsHomeViewController.swift in Sources */ = {isa = PBXBuildFile; fileRef = 7F4A61142422B8C000E9C206 /* EventsHomeViewController.swift */; };
		7F8182EB244123BE00F82AFC /* TM-API-Info.plist in Resources */ = {isa = PBXBuildFile; fileRef = 7F8182EA244123BD00F82AFC /* TM-API-Info.plist */; };
		7F8182ED24414CFB00F82AFC /* EventDataUtil.swift in Sources */ = {isa = PBXBuildFile; fileRef = 7F8182EC24414CFB00F82AFC /* EventDataUtil.swift */; };
		7F8182EF2443DC4300F82AFC /* TMEvent.swift in Sources */ = {isa = PBXBuildFile; fileRef = 7F8182EE2443DC4300F82AFC /* TMEvent.swift */; };
		7F8182F12444B12D00F82AFC /* TMEventCollection.swift in Sources */ = {isa = PBXBuildFile; fileRef = 7F8182F02444B12D00F82AFC /* TMEventCollection.swift */; };
		7F9F47CA2446B30200E64B33 /* WebsiteViewController.swift in Sources */ = {isa = PBXBuildFile; fileRef = 7F9F47C92446B30200E64B33 /* WebsiteViewController.swift */; };
		7FA34835241472E000B00C31 /* SettingsViewController.swift in Sources */ = {isa = PBXBuildFile; fileRef = 7FA34834241472E000B00C31 /* SettingsViewController.swift */; };
		7FA34839241473E900B00C31 /* MyEventsViewController.swift in Sources */ = {isa = PBXBuildFile; fileRef = 7FA34838241473E900B00C31 /* MyEventsViewController.swift */; };
		7FA3483E2414768A00B00C31 /* EventDataSource.swift in Sources */ = {isa = PBXBuildFile; fileRef = 7FA3483D2414768A00B00C31 /* EventDataSource.swift */; };
		7FA3483F2414768A00B00C31 /* EventData.swift in Sources */ = {isa = PBXBuildFile; fileRef = 7FA3483C2414768A00B00C31 /* EventData.swift */; };
		7FA348402414768A00B00C31 /* MockDataSource.swift in Sources */ = {isa = PBXBuildFile; fileRef = 7FA3483B2414768A00B00C31 /* MockDataSource.swift */; };
		7FF4BAA62434DD3000A2F595 /* StyledNavigationController.swift in Sources */ = {isa = PBXBuildFile; fileRef = 7FF4BAA52434DD3000A2F595 /* StyledNavigationController.swift */; };
		7FF4BAC82434E67200A2F595 /* EventTableViewCell.swift in Sources */ = {isa = PBXBuildFile; fileRef = 7FF4BAC72434E67200A2F595 /* EventTableViewCell.swift */; };
		7FF4BAEB2434EC6C00A2F595 /* SettingsUserInfoTableViewCell.swift in Sources */ = {isa = PBXBuildFile; fileRef = 7FF4BAEA2434EC6C00A2F595 /* SettingsUserInfoTableViewCell.swift */; };
		7FF4BAED2437CC0B00A2F595 /* GoogleService-Info.plist in Resources */ = {isa = PBXBuildFile; fileRef = 7FF4BAEC2437CC0B00A2F595 /* GoogleService-Info.plist */; };
		7FF4BAEE2437CC0B00A2F595 /* GoogleService-Info.plist in Resources */ = {isa = PBXBuildFile; fileRef = 7FF4BAEC2437CC0B00A2F595 /* GoogleService-Info.plist */; };
		7FF4BAEF2437CC0B00A2F595 /* GoogleService-Info.plist in Resources */ = {isa = PBXBuildFile; fileRef = 7FF4BAEC2437CC0B00A2F595 /* GoogleService-Info.plist */; };
		7FF4BB11243D51A600A2F595 /* FirestoreDataSource.swift in Sources */ = {isa = PBXBuildFile; fileRef = 7FF4BB10243D51A600A2F595 /* FirestoreDataSource.swift */; };
		7FF919B023FCC56A004B8CF9 /* AppDelegate.swift in Sources */ = {isa = PBXBuildFile; fileRef = 7FF919AF23FCC56A004B8CF9 /* AppDelegate.swift */; };
		7FF919B223FCC56A004B8CF9 /* SceneDelegate.swift in Sources */ = {isa = PBXBuildFile; fileRef = 7FF919B123FCC56A004B8CF9 /* SceneDelegate.swift */; };
		7FF919B723FCC56A004B8CF9 /* Main.storyboard in Resources */ = {isa = PBXBuildFile; fileRef = 7FF919B523FCC56A004B8CF9 /* Main.storyboard */; };
		7FF919BA23FCC56A004B8CF9 /* playdate_app.xcdatamodeld in Sources */ = {isa = PBXBuildFile; fileRef = 7FF919B823FCC56A004B8CF9 /* playdate_app.xcdatamodeld */; };
		7FF919BC23FCC56B004B8CF9 /* Assets.xcassets in Resources */ = {isa = PBXBuildFile; fileRef = 7FF919BB23FCC56B004B8CF9 /* Assets.xcassets */; };
		7FF919BF23FCC56B004B8CF9 /* LaunchScreen.storyboard in Resources */ = {isa = PBXBuildFile; fileRef = 7FF919BD23FCC56B004B8CF9 /* LaunchScreen.storyboard */; };
		7FF919CA23FCC56B004B8CF9 /* playdate_appTests.swift in Sources */ = {isa = PBXBuildFile; fileRef = 7FF919C923FCC56B004B8CF9 /* playdate_appTests.swift */; };
		7FF919D523FCC56B004B8CF9 /* playdate_appUITests.swift in Sources */ = {isa = PBXBuildFile; fileRef = 7FF919D423FCC56B004B8CF9 /* playdate_appUITests.swift */; };
		A5DA8CF52436FC94008A313C /* EventDetailViewController.swift in Sources */ = {isa = PBXBuildFile; fileRef = A5DA8CF42436FC94008A313C /* EventDetailViewController.swift */; };
		A5F463AF2446DCFD00E97AAD /* TabBarViewController.swift in Sources */ = {isa = PBXBuildFile; fileRef = A5F463AE2446DCFD00E97AAD /* TabBarViewController.swift */; };
		D46290A6AA97F44C17B9A995 /* Pods_playdate_appTests.framework in Frameworks */ = {isa = PBXBuildFile; fileRef = A151C8994C2C3155AC1DE50E /* Pods_playdate_appTests.framework */; };
/* End PBXBuildFile section */

/* Begin PBXContainerItemProxy section */
		7FF919C623FCC56B004B8CF9 /* PBXContainerItemProxy */ = {
			isa = PBXContainerItemProxy;
			containerPortal = 7FF919A423FCC56A004B8CF9 /* Project object */;
			proxyType = 1;
			remoteGlobalIDString = 7FF919AB23FCC56A004B8CF9;
			remoteInfo = "playdate-app";
		};
		7FF919D123FCC56B004B8CF9 /* PBXContainerItemProxy */ = {
			isa = PBXContainerItemProxy;
			containerPortal = 7FF919A423FCC56A004B8CF9 /* Project object */;
			proxyType = 1;
			remoteGlobalIDString = 7FF919AB23FCC56A004B8CF9;
			remoteInfo = "playdate-app";
		};
/* End PBXContainerItemProxy section */

/* Begin PBXFileReference section */
		2395479524229355007D0EAD /* LoginViewController.swift */ = {isa = PBXFileReference; lastKnownFileType = sourcecode.swift; path = LoginViewController.swift; sourceTree = "<group>"; };
		23A15B2824240FD3003E7151 /* SignUpViewController.swift */ = {isa = PBXFileReference; lastKnownFileType = sourcecode.swift; path = SignUpViewController.swift; sourceTree = "<group>"; };
		23D6D72A2445057800C02A48 /* ChangeDetailsViewController.swift */ = {isa = PBXFileReference; lastKnownFileType = sourcecode.swift; name = ChangeDetailsViewController.swift; path = datasources/ChangeDetailsViewController.swift; sourceTree = "<group>"; };
		23D6D72C244505A500C02A48 /* ChangePasswordViewController.swift */ = {isa = PBXFileReference; lastKnownFileType = sourcecode.swift; path = ChangePasswordViewController.swift; sourceTree = "<group>"; };
		6FB30AF0243D2E0800C5C945 /* SearchViewController.swift */ = {isa = PBXFileReference; lastKnownFileType = sourcecode.swift; path = SearchViewController.swift; sourceTree = "<group>"; };
		7F4A61142422B8C000E9C206 /* EventsHomeViewController.swift */ = {isa = PBXFileReference; lastKnownFileType = sourcecode.swift; path = EventsHomeViewController.swift; sourceTree = "<group>"; };
		7F8182EA244123BD00F82AFC /* TM-API-Info.plist */ = {isa = PBXFileReference; fileEncoding = 4; lastKnownFileType = text.plist.xml; path = "TM-API-Info.plist"; sourceTree = "<group>"; };
		7F8182EC24414CFB00F82AFC /* EventDataUtil.swift */ = {isa = PBXFileReference; lastKnownFileType = sourcecode.swift; path = EventDataUtil.swift; sourceTree = "<group>"; };
		7F8182EE2443DC4300F82AFC /* TMEvent.swift */ = {isa = PBXFileReference; lastKnownFileType = sourcecode.swift; path = TMEvent.swift; sourceTree = "<group>"; };
		7F8182F02444B12D00F82AFC /* TMEventCollection.swift */ = {isa = PBXFileReference; lastKnownFileType = sourcecode.swift; path = TMEventCollection.swift; sourceTree = "<group>"; };
		7F8EB47573C19437B0ECFF1D /* Pods-playdate-app-playdate-appUITests.debug.xcconfig */ = {isa = PBXFileReference; includeInIndex = 1; lastKnownFileType = text.xcconfig; name = "Pods-playdate-app-playdate-appUITests.debug.xcconfig"; path = "Target Support Files/Pods-playdate-app-playdate-appUITests/Pods-playdate-app-playdate-appUITests.debug.xcconfig"; sourceTree = "<group>"; };
		7F9F47C92446B30200E64B33 /* WebsiteViewController.swift */ = {isa = PBXFileReference; fileEncoding = 4; lastKnownFileType = sourcecode.swift; path = WebsiteViewController.swift; sourceTree = "<group>"; };
		7FA34834241472E000B00C31 /* SettingsViewController.swift */ = {isa = PBXFileReference; fileEncoding = 4; lastKnownFileType = sourcecode.swift; path = SettingsViewController.swift; sourceTree = "<group>"; };
		7FA34838241473E900B00C31 /* MyEventsViewController.swift */ = {isa = PBXFileReference; fileEncoding = 4; lastKnownFileType = sourcecode.swift; path = MyEventsViewController.swift; sourceTree = "<group>"; };
		7FA3483B2414768A00B00C31 /* MockDataSource.swift */ = {isa = PBXFileReference; lastKnownFileType = sourcecode.swift; path = MockDataSource.swift; sourceTree = "<group>"; };
		7FA3483C2414768A00B00C31 /* EventData.swift */ = {isa = PBXFileReference; lastKnownFileType = sourcecode.swift; path = EventData.swift; sourceTree = "<group>"; };
		7FA3483D2414768A00B00C31 /* EventDataSource.swift */ = {isa = PBXFileReference; lastKnownFileType = sourcecode.swift; path = EventDataSource.swift; sourceTree = "<group>"; };
		7FF4BAA52434DD3000A2F595 /* StyledNavigationController.swift */ = {isa = PBXFileReference; lastKnownFileType = sourcecode.swift; path = StyledNavigationController.swift; sourceTree = "<group>"; };
		7FF4BAC72434E67200A2F595 /* EventTableViewCell.swift */ = {isa = PBXFileReference; lastKnownFileType = sourcecode.swift; path = EventTableViewCell.swift; sourceTree = "<group>"; };
		7FF4BAEA2434EC6C00A2F595 /* SettingsUserInfoTableViewCell.swift */ = {isa = PBXFileReference; lastKnownFileType = sourcecode.swift; path = SettingsUserInfoTableViewCell.swift; sourceTree = "<group>"; };
		7FF4BAEC2437CC0B00A2F595 /* GoogleService-Info.plist */ = {isa = PBXFileReference; fileEncoding = 4; lastKnownFileType = text.plist.xml; path = "GoogleService-Info.plist"; sourceTree = "<group>"; };
		7FF4BB10243D51A600A2F595 /* FirestoreDataSource.swift */ = {isa = PBXFileReference; lastKnownFileType = sourcecode.swift; path = FirestoreDataSource.swift; sourceTree = "<group>"; };
		7FF919AC23FCC56A004B8CF9 /* PlayDate.app */ = {isa = PBXFileReference; explicitFileType = wrapper.application; includeInIndex = 0; path = PlayDate.app; sourceTree = BUILT_PRODUCTS_DIR; };
		7FF919AF23FCC56A004B8CF9 /* AppDelegate.swift */ = {isa = PBXFileReference; lastKnownFileType = sourcecode.swift; path = AppDelegate.swift; sourceTree = "<group>"; };
		7FF919B123FCC56A004B8CF9 /* SceneDelegate.swift */ = {isa = PBXFileReference; lastKnownFileType = sourcecode.swift; path = SceneDelegate.swift; sourceTree = "<group>"; };
		7FF919B623FCC56A004B8CF9 /* Base */ = {isa = PBXFileReference; lastKnownFileType = file.storyboard; name = Base; path = Base.lproj/Main.storyboard; sourceTree = "<group>"; };
		7FF919B923FCC56A004B8CF9 /* playdate_app.xcdatamodel */ = {isa = PBXFileReference; lastKnownFileType = wrapper.xcdatamodel; path = playdate_app.xcdatamodel; sourceTree = "<group>"; };
		7FF919BB23FCC56B004B8CF9 /* Assets.xcassets */ = {isa = PBXFileReference; lastKnownFileType = folder.assetcatalog; path = Assets.xcassets; sourceTree = "<group>"; };
		7FF919BE23FCC56B004B8CF9 /* Base */ = {isa = PBXFileReference; lastKnownFileType = file.storyboard; name = Base; path = Base.lproj/LaunchScreen.storyboard; sourceTree = "<group>"; };
		7FF919C023FCC56B004B8CF9 /* Info.plist */ = {isa = PBXFileReference; lastKnownFileType = text.plist.xml; path = Info.plist; sourceTree = "<group>"; };
		7FF919C523FCC56B004B8CF9 /* playdate-appTests.xctest */ = {isa = PBXFileReference; explicitFileType = wrapper.cfbundle; includeInIndex = 0; path = "playdate-appTests.xctest"; sourceTree = BUILT_PRODUCTS_DIR; };
		7FF919C923FCC56B004B8CF9 /* playdate_appTests.swift */ = {isa = PBXFileReference; lastKnownFileType = sourcecode.swift; path = playdate_appTests.swift; sourceTree = "<group>"; };
		7FF919CB23FCC56B004B8CF9 /* Info.plist */ = {isa = PBXFileReference; lastKnownFileType = text.plist.xml; path = Info.plist; sourceTree = "<group>"; };
		7FF919D023FCC56B004B8CF9 /* playdate-appUITests.xctest */ = {isa = PBXFileReference; explicitFileType = wrapper.cfbundle; includeInIndex = 0; path = "playdate-appUITests.xctest"; sourceTree = BUILT_PRODUCTS_DIR; };
		7FF919D423FCC56B004B8CF9 /* playdate_appUITests.swift */ = {isa = PBXFileReference; lastKnownFileType = sourcecode.swift; path = playdate_appUITests.swift; sourceTree = "<group>"; };
		7FF919D623FCC56B004B8CF9 /* Info.plist */ = {isa = PBXFileReference; lastKnownFileType = text.plist.xml; path = Info.plist; sourceTree = "<group>"; };
		86F91CDE6F4765DDFCDA9578 /* Pods-playdate-app.release.xcconfig */ = {isa = PBXFileReference; includeInIndex = 1; lastKnownFileType = text.xcconfig; name = "Pods-playdate-app.release.xcconfig"; path = "Target Support Files/Pods-playdate-app/Pods-playdate-app.release.xcconfig"; sourceTree = "<group>"; };
		89DB6171908BED8E45B4F700 /* Pods-playdate-app.debug.xcconfig */ = {isa = PBXFileReference; includeInIndex = 1; lastKnownFileType = text.xcconfig; name = "Pods-playdate-app.debug.xcconfig"; path = "Target Support Files/Pods-playdate-app/Pods-playdate-app.debug.xcconfig"; sourceTree = "<group>"; };
		A151C8994C2C3155AC1DE50E /* Pods_playdate_appTests.framework */ = {isa = PBXFileReference; explicitFileType = wrapper.framework; includeInIndex = 0; path = Pods_playdate_appTests.framework; sourceTree = BUILT_PRODUCTS_DIR; };
		A5DA8CF42436FC94008A313C /* EventDetailViewController.swift */ = {isa = PBXFileReference; lastKnownFileType = sourcecode.swift; path = EventDetailViewController.swift; sourceTree = "<group>"; };
		A5F463AE2446DCFD00E97AAD /* TabBarViewController.swift */ = {isa = PBXFileReference; lastKnownFileType = sourcecode.swift; path = TabBarViewController.swift; sourceTree = "<group>"; };
		D41C3A4E50F1E87D418F911B /* Pods-playdate-appTests.debug.xcconfig */ = {isa = PBXFileReference; includeInIndex = 1; lastKnownFileType = text.xcconfig; name = "Pods-playdate-appTests.debug.xcconfig"; path = "Target Support Files/Pods-playdate-appTests/Pods-playdate-appTests.debug.xcconfig"; sourceTree = "<group>"; };
		D74A81A5ACFC1DEADD162D8C /* Pods-playdate-app-playdate-appUITests.release.xcconfig */ = {isa = PBXFileReference; includeInIndex = 1; lastKnownFileType = text.xcconfig; name = "Pods-playdate-app-playdate-appUITests.release.xcconfig"; path = "Target Support Files/Pods-playdate-app-playdate-appUITests/Pods-playdate-app-playdate-appUITests.release.xcconfig"; sourceTree = "<group>"; };
		D86A54DA98FAA723E151B7D6 /* Pods_playdate_app_playdate_appUITests.framework */ = {isa = PBXFileReference; explicitFileType = wrapper.framework; includeInIndex = 0; path = Pods_playdate_app_playdate_appUITests.framework; sourceTree = BUILT_PRODUCTS_DIR; };
		F3562E0F7E2F4D0CAC342E83 /* Pods_playdate_app.framework */ = {isa = PBXFileReference; explicitFileType = wrapper.framework; includeInIndex = 0; path = Pods_playdate_app.framework; sourceTree = BUILT_PRODUCTS_DIR; };
		FF116D2AE029CC25AA6FB0C3 /* Pods-playdate-appTests.release.xcconfig */ = {isa = PBXFileReference; includeInIndex = 1; lastKnownFileType = text.xcconfig; name = "Pods-playdate-appTests.release.xcconfig"; path = "Target Support Files/Pods-playdate-appTests/Pods-playdate-appTests.release.xcconfig"; sourceTree = "<group>"; };
/* End PBXFileReference section */

/* Begin PBXFrameworksBuildPhase section */
		7FF919A923FCC56A004B8CF9 /* Frameworks */ = {
			isa = PBXFrameworksBuildPhase;
			buildActionMask = 2147483647;
			files = (
				202F54C0B0EE5F68515293C9 /* Pods_playdate_app.framework in Frameworks */,
			);
			runOnlyForDeploymentPostprocessing = 0;
		};
		7FF919C223FCC56B004B8CF9 /* Frameworks */ = {
			isa = PBXFrameworksBuildPhase;
			buildActionMask = 2147483647;
			files = (
				D46290A6AA97F44C17B9A995 /* Pods_playdate_appTests.framework in Frameworks */,
			);
			runOnlyForDeploymentPostprocessing = 0;
		};
		7FF919CD23FCC56B004B8CF9 /* Frameworks */ = {
			isa = PBXFrameworksBuildPhase;
			buildActionMask = 2147483647;
			files = (
				6DBB768A012FF76E9D27D6CD /* Pods_playdate_app_playdate_appUITests.framework in Frameworks */,
			);
			runOnlyForDeploymentPostprocessing = 0;
		};
/* End PBXFrameworksBuildPhase section */

/* Begin PBXGroup section */
		2AE46BA607F6E1AA1C33A0BB /* Pods */ = {
			isa = PBXGroup;
			children = (
				89DB6171908BED8E45B4F700 /* Pods-playdate-app.debug.xcconfig */,
				86F91CDE6F4765DDFCDA9578 /* Pods-playdate-app.release.xcconfig */,
				7F8EB47573C19437B0ECFF1D /* Pods-playdate-app-playdate-appUITests.debug.xcconfig */,
				D74A81A5ACFC1DEADD162D8C /* Pods-playdate-app-playdate-appUITests.release.xcconfig */,
				D41C3A4E50F1E87D418F911B /* Pods-playdate-appTests.debug.xcconfig */,
				FF116D2AE029CC25AA6FB0C3 /* Pods-playdate-appTests.release.xcconfig */,
			);
			path = Pods;
			sourceTree = "<group>";
		};
		7F4A61112422B3D200E9C206 /* datasources */ = {
			isa = PBXGroup;
			children = (
				7FA3483C2414768A00B00C31 /* EventData.swift */,
				7FA3483D2414768A00B00C31 /* EventDataSource.swift */,
				7FF4BB10243D51A600A2F595 /* FirestoreDataSource.swift */,
				7F8182EE2443DC4300F82AFC /* TMEvent.swift */,
				7F8182F02444B12D00F82AFC /* TMEventCollection.swift */,
				7FA3483B2414768A00B00C31 /* MockDataSource.swift */,
				7F8182EC24414CFB00F82AFC /* EventDataUtil.swift */,
			);
			path = datasources;
			sourceTree = "<group>";
		};
		7FF4BAE92434EB7A00A2F595 /* cells */ = {
			isa = PBXGroup;
			children = (
				7FF4BAC72434E67200A2F595 /* EventTableViewCell.swift */,
				7FF4BAEA2434EC6C00A2F595 /* SettingsUserInfoTableViewCell.swift */,
			);
			path = cells;
			sourceTree = "<group>";
		};
		7FF919A323FCC56A004B8CF9 = {
			isa = PBXGroup;
			children = (
				7FF919AE23FCC56A004B8CF9 /* playdate-app */,
				7FF919C823FCC56B004B8CF9 /* playdate-appTests */,
				7FF919D323FCC56B004B8CF9 /* playdate-appUITests */,
				7FF919AD23FCC56A004B8CF9 /* Products */,
				2AE46BA607F6E1AA1C33A0BB /* Pods */,
				FB0C2D4273D89299AED441AB /* Frameworks */,
			);
			sourceTree = "<group>";
		};
		7FF919AD23FCC56A004B8CF9 /* Products */ = {
			isa = PBXGroup;
			children = (
				7FF919AC23FCC56A004B8CF9 /* PlayDate.app */,
				7FF919C523FCC56B004B8CF9 /* playdate-appTests.xctest */,
				7FF919D023FCC56B004B8CF9 /* playdate-appUITests.xctest */,
			);
			name = Products;
			sourceTree = "<group>";
		};
		7FF919AE23FCC56A004B8CF9 /* playdate-app */ = {
			isa = PBXGroup;
			children = (
				7FF4BAE92434EB7A00A2F595 /* cells */,
				7F4A61112422B3D200E9C206 /* datasources */,
				7FF919AF23FCC56A004B8CF9 /* AppDelegate.swift */,
				7FF919B123FCC56A004B8CF9 /* SceneDelegate.swift */,
				6FB30AF0243D2E0800C5C945 /* SearchViewController.swift */,
				7FF919B523FCC56A004B8CF9 /* Main.storyboard */,
				A5F463AE2446DCFD00E97AAD /* TabBarViewController.swift */,
				23D6D72C244505A500C02A48 /* ChangePasswordViewController.swift */,
				23D6D72A2445057800C02A48 /* ChangeDetailsViewController.swift */,
				7FF4BAA52434DD3000A2F595 /* StyledNavigationController.swift */,
				23A15B2824240FD3003E7151 /* SignUpViewController.swift */,
				2395479524229355007D0EAD /* LoginViewController.swift */,
				7F4A61142422B8C000E9C206 /* EventsHomeViewController.swift */,
				7FA34838241473E900B00C31 /* MyEventsViewController.swift */,
				A5DA8CF42436FC94008A313C /* EventDetailViewController.swift */,
				7F9F47C92446B30200E64B33 /* WebsiteViewController.swift */,
				7FA34834241472E000B00C31 /* SettingsViewController.swift */,
				7FF919BB23FCC56B004B8CF9 /* Assets.xcassets */,
				7FF919BD23FCC56B004B8CF9 /* LaunchScreen.storyboard */,
				7FF919C023FCC56B004B8CF9 /* Info.plist */,
				7FF4BAEC2437CC0B00A2F595 /* GoogleService-Info.plist */,
				7F8182EA244123BD00F82AFC /* TM-API-Info.plist */,
				7FF919B823FCC56A004B8CF9 /* playdate_app.xcdatamodeld */,
			);
			path = "playdate-app";
			sourceTree = "<group>";
		};
		7FF919C823FCC56B004B8CF9 /* playdate-appTests */ = {
			isa = PBXGroup;
			children = (
				7FF919C923FCC56B004B8CF9 /* playdate_appTests.swift */,
				7FF919CB23FCC56B004B8CF9 /* Info.plist */,
			);
			path = "playdate-appTests";
			sourceTree = "<group>";
		};
		7FF919D323FCC56B004B8CF9 /* playdate-appUITests */ = {
			isa = PBXGroup;
			children = (
				7FF919D423FCC56B004B8CF9 /* playdate_appUITests.swift */,
				7FF919D623FCC56B004B8CF9 /* Info.plist */,
			);
			path = "playdate-appUITests";
			sourceTree = "<group>";
		};
		FB0C2D4273D89299AED441AB /* Frameworks */ = {
			isa = PBXGroup;
			children = (
				F3562E0F7E2F4D0CAC342E83 /* Pods_playdate_app.framework */,
				D86A54DA98FAA723E151B7D6 /* Pods_playdate_app_playdate_appUITests.framework */,
				A151C8994C2C3155AC1DE50E /* Pods_playdate_appTests.framework */,
			);
			name = Frameworks;
			sourceTree = "<group>";
		};
/* End PBXGroup section */

/* Begin PBXNativeTarget section */
		7FF919AB23FCC56A004B8CF9 /* playdate-app */ = {
			isa = PBXNativeTarget;
			buildConfigurationList = 7FF919D923FCC56B004B8CF9 /* Build configuration list for PBXNativeTarget "playdate-app" */;
			buildPhases = (
				9400934F08E3FA0CC3A635D4 /* [CP] Check Pods Manifest.lock */,
				7FF919A823FCC56A004B8CF9 /* Sources */,
				7FF919A923FCC56A004B8CF9 /* Frameworks */,
				7FF919AA23FCC56A004B8CF9 /* Resources */,
				9CD9242215A615B3C8BA9133 /* [CP] Embed Pods Frameworks */,
			);
			buildRules = (
			);
			dependencies = (
			);
			name = "playdate-app";
			productName = "playdate-app";
			productReference = 7FF919AC23FCC56A004B8CF9 /* PlayDate.app */;
			productType = "com.apple.product-type.application";
		};
		7FF919C423FCC56B004B8CF9 /* playdate-appTests */ = {
			isa = PBXNativeTarget;
			buildConfigurationList = 7FF919DC23FCC56B004B8CF9 /* Build configuration list for PBXNativeTarget "playdate-appTests" */;
			buildPhases = (
				2A3C0944148008B967FB71A0 /* [CP] Check Pods Manifest.lock */,
				7FF919C123FCC56B004B8CF9 /* Sources */,
				7FF919C223FCC56B004B8CF9 /* Frameworks */,
				7FF919C323FCC56B004B8CF9 /* Resources */,
			);
			buildRules = (
			);
			dependencies = (
				7FF919C723FCC56B004B8CF9 /* PBXTargetDependency */,
			);
			name = "playdate-appTests";
			productName = "playdate-appTests";
			productReference = 7FF919C523FCC56B004B8CF9 /* playdate-appTests.xctest */;
			productType = "com.apple.product-type.bundle.unit-test";
		};
		7FF919CF23FCC56B004B8CF9 /* playdate-appUITests */ = {
			isa = PBXNativeTarget;
			buildConfigurationList = 7FF919DF23FCC56B004B8CF9 /* Build configuration list for PBXNativeTarget "playdate-appUITests" */;
			buildPhases = (
				E93A07DF914C21988302827D /* [CP] Check Pods Manifest.lock */,
				7FF919CC23FCC56B004B8CF9 /* Sources */,
				7FF919CD23FCC56B004B8CF9 /* Frameworks */,
				7FF919CE23FCC56B004B8CF9 /* Resources */,
				CD7D926D5E7336278ECDEEB4 /* [CP] Embed Pods Frameworks */,
			);
			buildRules = (
			);
			dependencies = (
				7FF919D223FCC56B004B8CF9 /* PBXTargetDependency */,
			);
			name = "playdate-appUITests";
			productName = "playdate-appUITests";
			productReference = 7FF919D023FCC56B004B8CF9 /* playdate-appUITests.xctest */;
			productType = "com.apple.product-type.bundle.ui-testing";
		};
/* End PBXNativeTarget section */

/* Begin PBXProject section */
		7FF919A423FCC56A004B8CF9 /* Project object */ = {
			isa = PBXProject;
			attributes = {
				LastSwiftUpdateCheck = 1130;
				LastUpgradeCheck = 1130;
				ORGANIZATIONNAME = "Jared Rankin";
				TargetAttributes = {
					7FF919AB23FCC56A004B8CF9 = {
						CreatedOnToolsVersion = 11.3.1;
					};
					7FF919C423FCC56B004B8CF9 = {
						CreatedOnToolsVersion = 11.3.1;
						TestTargetID = 7FF919AB23FCC56A004B8CF9;
					};
					7FF919CF23FCC56B004B8CF9 = {
						CreatedOnToolsVersion = 11.3.1;
						TestTargetID = 7FF919AB23FCC56A004B8CF9;
					};
				};
			};
			buildConfigurationList = 7FF919A723FCC56A004B8CF9 /* Build configuration list for PBXProject "playdate-app" */;
			compatibilityVersion = "Xcode 9.3";
			developmentRegion = en;
			hasScannedForEncodings = 0;
			knownRegions = (
				en,
				Base,
			);
			mainGroup = 7FF919A323FCC56A004B8CF9;
			productRefGroup = 7FF919AD23FCC56A004B8CF9 /* Products */;
			projectDirPath = "";
			projectRoot = "";
			targets = (
				7FF919AB23FCC56A004B8CF9 /* playdate-app */,
				7FF919C423FCC56B004B8CF9 /* playdate-appTests */,
				7FF919CF23FCC56B004B8CF9 /* playdate-appUITests */,
			);
		};
/* End PBXProject section */

/* Begin PBXResourcesBuildPhase section */
		7FF919AA23FCC56A004B8CF9 /* Resources */ = {
			isa = PBXResourcesBuildPhase;
			buildActionMask = 2147483647;
			files = (
				7FF919BF23FCC56B004B8CF9 /* LaunchScreen.storyboard in Resources */,
				7F8182EB244123BE00F82AFC /* TM-API-Info.plist in Resources */,
				7FF4BAED2437CC0B00A2F595 /* GoogleService-Info.plist in Resources */,
				7FF919BC23FCC56B004B8CF9 /* Assets.xcassets in Resources */,
				7FF919B723FCC56A004B8CF9 /* Main.storyboard in Resources */,
			);
			runOnlyForDeploymentPostprocessing = 0;
		};
		7FF919C323FCC56B004B8CF9 /* Resources */ = {
			isa = PBXResourcesBuildPhase;
			buildActionMask = 2147483647;
			files = (
				7FF4BAEE2437CC0B00A2F595 /* GoogleService-Info.plist in Resources */,
			);
			runOnlyForDeploymentPostprocessing = 0;
		};
		7FF919CE23FCC56B004B8CF9 /* Resources */ = {
			isa = PBXResourcesBuildPhase;
			buildActionMask = 2147483647;
			files = (
				7FF4BAEF2437CC0B00A2F595 /* GoogleService-Info.plist in Resources */,
			);
			runOnlyForDeploymentPostprocessing = 0;
		};
/* End PBXResourcesBuildPhase section */

/* Begin PBXShellScriptBuildPhase section */
		2A3C0944148008B967FB71A0 /* [CP] Check Pods Manifest.lock */ = {
			isa = PBXShellScriptBuildPhase;
			buildActionMask = 2147483647;
			files = (
			);
			inputFileListPaths = (
			);
			inputPaths = (
				"${PODS_PODFILE_DIR_PATH}/Podfile.lock",
				"${PODS_ROOT}/Manifest.lock",
			);
			name = "[CP] Check Pods Manifest.lock";
			outputFileListPaths = (
			);
			outputPaths = (
				"$(DERIVED_FILE_DIR)/Pods-playdate-appTests-checkManifestLockResult.txt",
			);
			runOnlyForDeploymentPostprocessing = 0;
			shellPath = /bin/sh;
			shellScript = "diff \"${PODS_PODFILE_DIR_PATH}/Podfile.lock\" \"${PODS_ROOT}/Manifest.lock\" > /dev/null\nif [ $? != 0 ] ; then\n    # print error to STDERR\n    echo \"error: The sandbox is not in sync with the Podfile.lock. Run 'pod install' or update your CocoaPods installation.\" >&2\n    exit 1\nfi\n# This output is used by Xcode 'outputs' to avoid re-running this script phase.\necho \"SUCCESS\" > \"${SCRIPT_OUTPUT_FILE_0}\"\n";
			showEnvVarsInLog = 0;
		};
		9400934F08E3FA0CC3A635D4 /* [CP] Check Pods Manifest.lock */ = {
			isa = PBXShellScriptBuildPhase;
			buildActionMask = 2147483647;
			files = (
			);
			inputFileListPaths = (
			);
			inputPaths = (
				"${PODS_PODFILE_DIR_PATH}/Podfile.lock",
				"${PODS_ROOT}/Manifest.lock",
			);
			name = "[CP] Check Pods Manifest.lock";
			outputFileListPaths = (
			);
			outputPaths = (
				"$(DERIVED_FILE_DIR)/Pods-playdate-app-checkManifestLockResult.txt",
			);
			runOnlyForDeploymentPostprocessing = 0;
			shellPath = /bin/sh;
			shellScript = "diff \"${PODS_PODFILE_DIR_PATH}/Podfile.lock\" \"${PODS_ROOT}/Manifest.lock\" > /dev/null\nif [ $? != 0 ] ; then\n    # print error to STDERR\n    echo \"error: The sandbox is not in sync with the Podfile.lock. Run 'pod install' or update your CocoaPods installation.\" >&2\n    exit 1\nfi\n# This output is used by Xcode 'outputs' to avoid re-running this script phase.\necho \"SUCCESS\" > \"${SCRIPT_OUTPUT_FILE_0}\"\n";
			showEnvVarsInLog = 0;
		};
		9CD9242215A615B3C8BA9133 /* [CP] Embed Pods Frameworks */ = {
			isa = PBXShellScriptBuildPhase;
			buildActionMask = 2147483647;
			files = (
			);
			inputFileListPaths = (
				"${PODS_ROOT}/Target Support Files/Pods-playdate-app/Pods-playdate-app-frameworks-${CONFIGURATION}-input-files.xcfilelist",
			);
			name = "[CP] Embed Pods Frameworks";
			outputFileListPaths = (
				"${PODS_ROOT}/Target Support Files/Pods-playdate-app/Pods-playdate-app-frameworks-${CONFIGURATION}-output-files.xcfilelist",
			);
			runOnlyForDeploymentPostprocessing = 0;
			shellPath = /bin/sh;
			shellScript = "\"${PODS_ROOT}/Target Support Files/Pods-playdate-app/Pods-playdate-app-frameworks.sh\"\n";
			showEnvVarsInLog = 0;
		};
		CD7D926D5E7336278ECDEEB4 /* [CP] Embed Pods Frameworks */ = {
			isa = PBXShellScriptBuildPhase;
			buildActionMask = 2147483647;
			files = (
			);
			inputFileListPaths = (
				"${PODS_ROOT}/Target Support Files/Pods-playdate-app-playdate-appUITests/Pods-playdate-app-playdate-appUITests-frameworks-${CONFIGURATION}-input-files.xcfilelist",
			);
			name = "[CP] Embed Pods Frameworks";
			outputFileListPaths = (
				"${PODS_ROOT}/Target Support Files/Pods-playdate-app-playdate-appUITests/Pods-playdate-app-playdate-appUITests-frameworks-${CONFIGURATION}-output-files.xcfilelist",
			);
			runOnlyForDeploymentPostprocessing = 0;
			shellPath = /bin/sh;
			shellScript = "\"${PODS_ROOT}/Target Support Files/Pods-playdate-app-playdate-appUITests/Pods-playdate-app-playdate-appUITests-frameworks.sh\"\n";
			showEnvVarsInLog = 0;
		};
		E93A07DF914C21988302827D /* [CP] Check Pods Manifest.lock */ = {
			isa = PBXShellScriptBuildPhase;
			buildActionMask = 2147483647;
			files = (
			);
			inputFileListPaths = (
			);
			inputPaths = (
				"${PODS_PODFILE_DIR_PATH}/Podfile.lock",
				"${PODS_ROOT}/Manifest.lock",
			);
			name = "[CP] Check Pods Manifest.lock";
			outputFileListPaths = (
			);
			outputPaths = (
				"$(DERIVED_FILE_DIR)/Pods-playdate-app-playdate-appUITests-checkManifestLockResult.txt",
			);
			runOnlyForDeploymentPostprocessing = 0;
			shellPath = /bin/sh;
			shellScript = "diff \"${PODS_PODFILE_DIR_PATH}/Podfile.lock\" \"${PODS_ROOT}/Manifest.lock\" > /dev/null\nif [ $? != 0 ] ; then\n    # print error to STDERR\n    echo \"error: The sandbox is not in sync with the Podfile.lock. Run 'pod install' or update your CocoaPods installation.\" >&2\n    exit 1\nfi\n# This output is used by Xcode 'outputs' to avoid re-running this script phase.\necho \"SUCCESS\" > \"${SCRIPT_OUTPUT_FILE_0}\"\n";
			showEnvVarsInLog = 0;
		};
/* End PBXShellScriptBuildPhase section */

/* Begin PBXSourcesBuildPhase section */
		7FF919A823FCC56A004B8CF9 /* Sources */ = {
			isa = PBXSourcesBuildPhase;
			buildActionMask = 2147483647;
			files = (
				23A15B2924240FD3003E7151 /* SignUpViewController.swift in Sources */,
				7F8182F12444B12D00F82AFC /* TMEventCollection.swift in Sources */,
				7F4A61152422B8C000E9C206 /* EventsHomeViewController.swift in Sources */,
				7FA348402414768A00B00C31 /* MockDataSource.swift in Sources */,
				7FA34839241473E900B00C31 /* MyEventsViewController.swift in Sources */,
				7F8182EF2443DC4300F82AFC /* TMEvent.swift in Sources */,
				7FF4BAC82434E67200A2F595 /* EventTableViewCell.swift in Sources */,
				7FF4BAA62434DD3000A2F595 /* StyledNavigationController.swift in Sources */,
				7F9F47CA2446B30200E64B33 /* WebsiteViewController.swift in Sources */,
				7F8182ED24414CFB00F82AFC /* EventDataUtil.swift in Sources */,
				A5DA8CF52436FC94008A313C /* EventDetailViewController.swift in Sources */,
				7FF919BA23FCC56A004B8CF9 /* playdate_app.xcdatamodeld in Sources */,
				23D6D72D244505A500C02A48 /* ChangePasswordViewController.swift in Sources */,
				7FF919B023FCC56A004B8CF9 /* AppDelegate.swift in Sources */,
				7FF4BB11243D51A600A2F595 /* FirestoreDataSource.swift in Sources */,
				7FA34835241472E000B00C31 /* SettingsViewController.swift in Sources */,
				A5F463AF2446DCFD00E97AAD /* TabBarViewController.swift in Sources */,
				6FB30AF1243D2E0800C5C945 /* SearchViewController.swift in Sources */,
				7FF4BAEB2434EC6C00A2F595 /* SettingsUserInfoTableViewCell.swift in Sources */,
				7FA3483E2414768A00B00C31 /* EventDataSource.swift in Sources */,
				7FA3483F2414768A00B00C31 /* EventData.swift in Sources */,
				2395479624229355007D0EAD /* LoginViewController.swift in Sources */,
				7FF919B223FCC56A004B8CF9 /* SceneDelegate.swift in Sources */,
				23D6D72B2445057800C02A48 /* ChangeDetailsViewController.swift in Sources */,
			);
			runOnlyForDeploymentPostprocessing = 0;
		};
		7FF919C123FCC56B004B8CF9 /* Sources */ = {
			isa = PBXSourcesBuildPhase;
			buildActionMask = 2147483647;
			files = (
				7FF919CA23FCC56B004B8CF9 /* playdate_appTests.swift in Sources */,
			);
			runOnlyForDeploymentPostprocessing = 0;
		};
		7FF919CC23FCC56B004B8CF9 /* Sources */ = {
			isa = PBXSourcesBuildPhase;
			buildActionMask = 2147483647;
			files = (
				7FF919D523FCC56B004B8CF9 /* playdate_appUITests.swift in Sources */,
			);
			runOnlyForDeploymentPostprocessing = 0;
		};
/* End PBXSourcesBuildPhase section */

/* Begin PBXTargetDependency section */
		7FF919C723FCC56B004B8CF9 /* PBXTargetDependency */ = {
			isa = PBXTargetDependency;
			target = 7FF919AB23FCC56A004B8CF9 /* playdate-app */;
			targetProxy = 7FF919C623FCC56B004B8CF9 /* PBXContainerItemProxy */;
		};
		7FF919D223FCC56B004B8CF9 /* PBXTargetDependency */ = {
			isa = PBXTargetDependency;
			target = 7FF919AB23FCC56A004B8CF9 /* playdate-app */;
			targetProxy = 7FF919D123FCC56B004B8CF9 /* PBXContainerItemProxy */;
		};
/* End PBXTargetDependency section */

/* Begin PBXVariantGroup section */
		7FF919B523FCC56A004B8CF9 /* Main.storyboard */ = {
			isa = PBXVariantGroup;
			children = (
				7FF919B623FCC56A004B8CF9 /* Base */,
			);
			name = Main.storyboard;
			sourceTree = "<group>";
		};
		7FF919BD23FCC56B004B8CF9 /* LaunchScreen.storyboard */ = {
			isa = PBXVariantGroup;
			children = (
				7FF919BE23FCC56B004B8CF9 /* Base */,
			);
			name = LaunchScreen.storyboard;
			sourceTree = "<group>";
		};
/* End PBXVariantGroup section */

/* Begin XCBuildConfiguration section */
		7FF919D723FCC56B004B8CF9 /* Debug */ = {
			isa = XCBuildConfiguration;
			buildSettings = {
				ALWAYS_SEARCH_USER_PATHS = NO;
				CLANG_ANALYZER_NONNULL = YES;
				CLANG_ANALYZER_NUMBER_OBJECT_CONVERSION = YES_AGGRESSIVE;
				CLANG_CXX_LANGUAGE_STANDARD = "gnu++14";
				CLANG_CXX_LIBRARY = "libc++";
				CLANG_ENABLE_MODULES = YES;
				CLANG_ENABLE_OBJC_ARC = YES;
				CLANG_ENABLE_OBJC_WEAK = YES;
				CLANG_WARN_BLOCK_CAPTURE_AUTORELEASING = YES;
				CLANG_WARN_BOOL_CONVERSION = YES;
				CLANG_WARN_COMMA = YES;
				CLANG_WARN_CONSTANT_CONVERSION = YES;
				CLANG_WARN_DEPRECATED_OBJC_IMPLEMENTATIONS = YES;
				CLANG_WARN_DIRECT_OBJC_ISA_USAGE = YES_ERROR;
				CLANG_WARN_DOCUMENTATION_COMMENTS = YES;
				CLANG_WARN_EMPTY_BODY = YES;
				CLANG_WARN_ENUM_CONVERSION = YES;
				CLANG_WARN_INFINITE_RECURSION = YES;
				CLANG_WARN_INT_CONVERSION = YES;
				CLANG_WARN_NON_LITERAL_NULL_CONVERSION = YES;
				CLANG_WARN_OBJC_IMPLICIT_RETAIN_SELF = YES;
				CLANG_WARN_OBJC_LITERAL_CONVERSION = YES;
				CLANG_WARN_OBJC_ROOT_CLASS = YES_ERROR;
				CLANG_WARN_RANGE_LOOP_ANALYSIS = YES;
				CLANG_WARN_STRICT_PROTOTYPES = YES;
				CLANG_WARN_SUSPICIOUS_MOVE = YES;
				CLANG_WARN_UNGUARDED_AVAILABILITY = YES_AGGRESSIVE;
				CLANG_WARN_UNREACHABLE_CODE = YES;
				CLANG_WARN__DUPLICATE_METHOD_MATCH = YES;
				COPY_PHASE_STRIP = NO;
				DEBUG_INFORMATION_FORMAT = dwarf;
				ENABLE_STRICT_OBJC_MSGSEND = YES;
				ENABLE_TESTABILITY = YES;
				GCC_C_LANGUAGE_STANDARD = gnu11;
				GCC_DYNAMIC_NO_PIC = NO;
				GCC_NO_COMMON_BLOCKS = YES;
				GCC_OPTIMIZATION_LEVEL = 0;
				GCC_PREPROCESSOR_DEFINITIONS = (
					"DEBUG=1",
					"$(inherited)",
				);
				GCC_WARN_64_TO_32_BIT_CONVERSION = YES;
				GCC_WARN_ABOUT_RETURN_TYPE = YES_ERROR;
				GCC_WARN_UNDECLARED_SELECTOR = YES;
				GCC_WARN_UNINITIALIZED_AUTOS = YES_AGGRESSIVE;
				GCC_WARN_UNUSED_FUNCTION = YES;
				GCC_WARN_UNUSED_VARIABLE = YES;
				IPHONEOS_DEPLOYMENT_TARGET = 13.2;
				MTL_ENABLE_DEBUG_INFO = INCLUDE_SOURCE;
				MTL_FAST_MATH = YES;
				ONLY_ACTIVE_ARCH = YES;
				SDKROOT = iphoneos;
				SWIFT_ACTIVE_COMPILATION_CONDITIONS = DEBUG;
				SWIFT_OPTIMIZATION_LEVEL = "-Onone";
			};
			name = Debug;
		};
		7FF919D823FCC56B004B8CF9 /* Release */ = {
			isa = XCBuildConfiguration;
			buildSettings = {
				ALWAYS_SEARCH_USER_PATHS = NO;
				CLANG_ANALYZER_NONNULL = YES;
				CLANG_ANALYZER_NUMBER_OBJECT_CONVERSION = YES_AGGRESSIVE;
				CLANG_CXX_LANGUAGE_STANDARD = "gnu++14";
				CLANG_CXX_LIBRARY = "libc++";
				CLANG_ENABLE_MODULES = YES;
				CLANG_ENABLE_OBJC_ARC = YES;
				CLANG_ENABLE_OBJC_WEAK = YES;
				CLANG_WARN_BLOCK_CAPTURE_AUTORELEASING = YES;
				CLANG_WARN_BOOL_CONVERSION = YES;
				CLANG_WARN_COMMA = YES;
				CLANG_WARN_CONSTANT_CONVERSION = YES;
				CLANG_WARN_DEPRECATED_OBJC_IMPLEMENTATIONS = YES;
				CLANG_WARN_DIRECT_OBJC_ISA_USAGE = YES_ERROR;
				CLANG_WARN_DOCUMENTATION_COMMENTS = YES;
				CLANG_WARN_EMPTY_BODY = YES;
				CLANG_WARN_ENUM_CONVERSION = YES;
				CLANG_WARN_INFINITE_RECURSION = YES;
				CLANG_WARN_INT_CONVERSION = YES;
				CLANG_WARN_NON_LITERAL_NULL_CONVERSION = YES;
				CLANG_WARN_OBJC_IMPLICIT_RETAIN_SELF = YES;
				CLANG_WARN_OBJC_LITERAL_CONVERSION = YES;
				CLANG_WARN_OBJC_ROOT_CLASS = YES_ERROR;
				CLANG_WARN_RANGE_LOOP_ANALYSIS = YES;
				CLANG_WARN_STRICT_PROTOTYPES = YES;
				CLANG_WARN_SUSPICIOUS_MOVE = YES;
				CLANG_WARN_UNGUARDED_AVAILABILITY = YES_AGGRESSIVE;
				CLANG_WARN_UNREACHABLE_CODE = YES;
				CLANG_WARN__DUPLICATE_METHOD_MATCH = YES;
				COPY_PHASE_STRIP = NO;
				DEBUG_INFORMATION_FORMAT = "dwarf-with-dsym";
				ENABLE_NS_ASSERTIONS = NO;
				ENABLE_STRICT_OBJC_MSGSEND = YES;
				GCC_C_LANGUAGE_STANDARD = gnu11;
				GCC_NO_COMMON_BLOCKS = YES;
				GCC_WARN_64_TO_32_BIT_CONVERSION = YES;
				GCC_WARN_ABOUT_RETURN_TYPE = YES_ERROR;
				GCC_WARN_UNDECLARED_SELECTOR = YES;
				GCC_WARN_UNINITIALIZED_AUTOS = YES_AGGRESSIVE;
				GCC_WARN_UNUSED_FUNCTION = YES;
				GCC_WARN_UNUSED_VARIABLE = YES;
				IPHONEOS_DEPLOYMENT_TARGET = 13.2;
				MTL_ENABLE_DEBUG_INFO = NO;
				MTL_FAST_MATH = YES;
				SDKROOT = iphoneos;
				SWIFT_COMPILATION_MODE = wholemodule;
				SWIFT_OPTIMIZATION_LEVEL = "-O";
				VALIDATE_PRODUCT = YES;
			};
			name = Release;
		};
		7FF919DA23FCC56B004B8CF9 /* Debug */ = {
			isa = XCBuildConfiguration;
			baseConfigurationReference = 89DB6171908BED8E45B4F700 /* Pods-playdate-app.debug.xcconfig */;
			buildSettings = {
				ASSETCATALOG_COMPILER_APPICON_NAME = AppIcon;
				CODE_SIGN_STYLE = Automatic;
				INFOPLIST_FILE = "playdate-app/Info.plist";
				LD_RUNPATH_SEARCH_PATHS = (
					"$(inherited)",
					"@executable_path/Frameworks",
				);
				PRODUCT_BUNDLE_IDENTIFIER = "net.jd92k.playdate-app";
				PRODUCT_NAME = PlayDate;
				SWIFT_VERSION = 5.0;
				TARGETED_DEVICE_FAMILY = "1,2";
			};
			name = Debug;
		};
		7FF919DB23FCC56B004B8CF9 /* Release */ = {
			isa = XCBuildConfiguration;
			baseConfigurationReference = 86F91CDE6F4765DDFCDA9578 /* Pods-playdate-app.release.xcconfig */;
			buildSettings = {
				ASSETCATALOG_COMPILER_APPICON_NAME = AppIcon;
				CODE_SIGN_STYLE = Automatic;
				INFOPLIST_FILE = "playdate-app/Info.plist";
				LD_RUNPATH_SEARCH_PATHS = (
					"$(inherited)",
					"@executable_path/Frameworks",
				);
				PRODUCT_BUNDLE_IDENTIFIER = "net.jd92k.playdate-app";
				PRODUCT_NAME = PlayDate;
				SWIFT_VERSION = 5.0;
				TARGETED_DEVICE_FAMILY = "1,2";
			};
			name = Release;
		};
		7FF919DD23FCC56B004B8CF9 /* Debug */ = {
			isa = XCBuildConfiguration;
			baseConfigurationReference = D41C3A4E50F1E87D418F911B /* Pods-playdate-appTests.debug.xcconfig */;
			buildSettings = {
				ALWAYS_EMBED_SWIFT_STANDARD_LIBRARIES = YES;
				BUNDLE_LOADER = "$(TEST_HOST)";
				CODE_SIGN_STYLE = Automatic;
				INFOPLIST_FILE = "playdate-appTests/Info.plist";
				IPHONEOS_DEPLOYMENT_TARGET = 13.2;
				LD_RUNPATH_SEARCH_PATHS = (
					"$(inherited)",
					"@executable_path/Frameworks",
					"@loader_path/Frameworks",
				);
				PRODUCT_BUNDLE_IDENTIFIER = "net.jd92k.playdate-appTests";
				PRODUCT_NAME = "$(TARGET_NAME)";
				SWIFT_VERSION = 5.0;
				TARGETED_DEVICE_FAMILY = "1,2";
				TEST_HOST = "$(BUILT_PRODUCTS_DIR)/playdate-app.app/playdate-app";
			};
			name = Debug;
		};
		7FF919DE23FCC56B004B8CF9 /* Release */ = {
			isa = XCBuildConfiguration;
			baseConfigurationReference = FF116D2AE029CC25AA6FB0C3 /* Pods-playdate-appTests.release.xcconfig */;
			buildSettings = {
				ALWAYS_EMBED_SWIFT_STANDARD_LIBRARIES = YES;
				BUNDLE_LOADER = "$(TEST_HOST)";
				CODE_SIGN_STYLE = Automatic;
				INFOPLIST_FILE = "playdate-appTests/Info.plist";
				IPHONEOS_DEPLOYMENT_TARGET = 13.2;
				LD_RUNPATH_SEARCH_PATHS = (
					"$(inherited)",
					"@executable_path/Frameworks",
					"@loader_path/Frameworks",
				);
				PRODUCT_BUNDLE_IDENTIFIER = "net.jd92k.playdate-appTests";
				PRODUCT_NAME = "$(TARGET_NAME)";
				SWIFT_VERSION = 5.0;
				TARGETED_DEVICE_FAMILY = "1,2";
				TEST_HOST = "$(BUILT_PRODUCTS_DIR)/playdate-app.app/playdate-app";
			};
			name = Release;
		};
		7FF919E023FCC56B004B8CF9 /* Debug */ = {
			isa = XCBuildConfiguration;
			baseConfigurationReference = 7F8EB47573C19437B0ECFF1D /* Pods-playdate-app-playdate-appUITests.debug.xcconfig */;
			buildSettings = {
				ALWAYS_EMBED_SWIFT_STANDARD_LIBRARIES = YES;
				CODE_SIGN_STYLE = Automatic;
				INFOPLIST_FILE = "playdate-appUITests/Info.plist";
				LD_RUNPATH_SEARCH_PATHS = (
					"$(inherited)",
					"@executable_path/Frameworks",
					"@loader_path/Frameworks",
				);
				PRODUCT_BUNDLE_IDENTIFIER = "net.jd92k.playdate-appUITests";
				PRODUCT_NAME = "$(TARGET_NAME)";
				SWIFT_VERSION = 5.0;
				TARGETED_DEVICE_FAMILY = "1,2";
				TEST_TARGET_NAME = "playdate-app";
			};
			name = Debug;
		};
		7FF919E123FCC56B004B8CF9 /* Release */ = {
			isa = XCBuildConfiguration;
			baseConfigurationReference = D74A81A5ACFC1DEADD162D8C /* Pods-playdate-app-playdate-appUITests.release.xcconfig */;
			buildSettings = {
				ALWAYS_EMBED_SWIFT_STANDARD_LIBRARIES = YES;
				CODE_SIGN_STYLE = Automatic;
				INFOPLIST_FILE = "playdate-appUITests/Info.plist";
				LD_RUNPATH_SEARCH_PATHS = (
					"$(inherited)",
					"@executable_path/Frameworks",
					"@loader_path/Frameworks",
				);
				PRODUCT_BUNDLE_IDENTIFIER = "net.jd92k.playdate-appUITests";
				PRODUCT_NAME = "$(TARGET_NAME)";
				SWIFT_VERSION = 5.0;
				TARGETED_DEVICE_FAMILY = "1,2";
				TEST_TARGET_NAME = "playdate-app";
			};
			name = Release;
		};
/* End XCBuildConfiguration section */

/* Begin XCConfigurationList section */
		7FF919A723FCC56A004B8CF9 /* Build configuration list for PBXProject "playdate-app" */ = {
			isa = XCConfigurationList;
			buildConfigurations = (
				7FF919D723FCC56B004B8CF9 /* Debug */,
				7FF919D823FCC56B004B8CF9 /* Release */,
			);
			defaultConfigurationIsVisible = 0;
			defaultConfigurationName = Release;
		};
		7FF919D923FCC56B004B8CF9 /* Build configuration list for PBXNativeTarget "playdate-app" */ = {
			isa = XCConfigurationList;
			buildConfigurations = (
				7FF919DA23FCC56B004B8CF9 /* Debug */,
				7FF919DB23FCC56B004B8CF9 /* Release */,
			);
			defaultConfigurationIsVisible = 0;
			defaultConfigurationName = Release;
		};
		7FF919DC23FCC56B004B8CF9 /* Build configuration list for PBXNativeTarget "playdate-appTests" */ = {
			isa = XCConfigurationList;
			buildConfigurations = (
				7FF919DD23FCC56B004B8CF9 /* Debug */,
				7FF919DE23FCC56B004B8CF9 /* Release */,
			);
			defaultConfigurationIsVisible = 0;
			defaultConfigurationName = Release;
		};
		7FF919DF23FCC56B004B8CF9 /* Build configuration list for PBXNativeTarget "playdate-appUITests" */ = {
			isa = XCConfigurationList;
			buildConfigurations = (
				7FF919E023FCC56B004B8CF9 /* Debug */,
				7FF919E123FCC56B004B8CF9 /* Release */,
			);
			defaultConfigurationIsVisible = 0;
			defaultConfigurationName = Release;
		};
/* End XCConfigurationList section */

/* Begin XCVersionGroup section */
		7FF919B823FCC56A004B8CF9 /* playdate_app.xcdatamodeld */ = {
			isa = XCVersionGroup;
			children = (
				7FF919B923FCC56A004B8CF9 /* playdate_app.xcdatamodel */,
			);
			currentVersion = 7FF919B923FCC56A004B8CF9 /* playdate_app.xcdatamodel */;
			path = playdate_app.xcdatamodeld;
			sourceTree = "<group>";
			versionGroupType = wrapper.xcdatamodel;
		};
/* End XCVersionGroup section */
	};
	rootObject = 7FF919A423FCC56A004B8CF9 /* Project object */;
}
