// !$*UTF8*$!
{
	archiveVersion = 1;
	classes = {
	};
	objectVersion = 50;
	objects = {

/* Begin PBXBuildFile section */
		7FA348332414700A00B00C31 /* Main.import.storyboard in Resources */ = {isa = PBXBuildFile; fileRef = 7FA348312414700A00B00C31 /* Main.import.storyboard */; };
		7FA34835241472E000B00C31 /* SettingsViewController.swift in Sources */ = {isa = PBXBuildFile; fileRef = 7FA34834241472E000B00C31 /* SettingsViewController.swift */; };
		7FA34839241473E900B00C31 /* MyEventsViewController.swift in Sources */ = {isa = PBXBuildFile; fileRef = 7FA34838241473E900B00C31 /* MyEventsViewController.swift */; };
		7FA3483E2414768A00B00C31 /* EventDataSource.swift in Sources */ = {isa = PBXBuildFile; fileRef = 7FA3483D2414768A00B00C31 /* EventDataSource.swift */; };
		7FA3483F2414768A00B00C31 /* EventData.swift in Sources */ = {isa = PBXBuildFile; fileRef = 7FA3483C2414768A00B00C31 /* EventData.swift */; };
		7FA348402414768A00B00C31 /* MockDataSource.swift in Sources */ = {isa = PBXBuildFile; fileRef = 7FA3483B2414768A00B00C31 /* MockDataSource.swift */; };
		7FF919B023FCC56A004B8CF9 /* AppDelegate.swift in Sources */ = {isa = PBXBuildFile; fileRef = 7FF919AF23FCC56A004B8CF9 /* AppDelegate.swift */; };
		7FF919B223FCC56A004B8CF9 /* SceneDelegate.swift in Sources */ = {isa = PBXBuildFile; fileRef = 7FF919B123FCC56A004B8CF9 /* SceneDelegate.swift */; };
		7FF919B423FCC56A004B8CF9 /* ViewController.swift in Sources */ = {isa = PBXBuildFile; fileRef = 7FF919B323FCC56A004B8CF9 /* ViewController.swift */; };
		7FF919B723FCC56A004B8CF9 /* Main.storyboard in Resources */ = {isa = PBXBuildFile; fileRef = 7FF919B523FCC56A004B8CF9 /* Main.storyboard */; };
		7FF919BA23FCC56A004B8CF9 /* playdate_app.xcdatamodeld in Sources */ = {isa = PBXBuildFile; fileRef = 7FF919B823FCC56A004B8CF9 /* playdate_app.xcdatamodeld */; };
		7FF919BC23FCC56B004B8CF9 /* Assets.xcassets in Resources */ = {isa = PBXBuildFile; fileRef = 7FF919BB23FCC56B004B8CF9 /* Assets.xcassets */; };
		7FF919BF23FCC56B004B8CF9 /* LaunchScreen.storyboard in Resources */ = {isa = PBXBuildFile; fileRef = 7FF919BD23FCC56B004B8CF9 /* LaunchScreen.storyboard */; };
		7FF919CA23FCC56B004B8CF9 /* playdate_appTests.swift in Sources */ = {isa = PBXBuildFile; fileRef = 7FF919C923FCC56B004B8CF9 /* playdate_appTests.swift */; };
		7FF919D523FCC56B004B8CF9 /* playdate_appUITests.swift in Sources */ = {isa = PBXBuildFile; fileRef = 7FF919D423FCC56B004B8CF9 /* playdate_appUITests.swift */; };
/* End PBXBuildFile section */

/* Begin PBXContainerItemProxy section */
		7FF919C623FCC56B004B8CF9 /* PBXContainerItemProxy */ = {
			isa = PBXContainerItemProxy;
			containerPortal = 7FF919A423FCC56A004B8CF9 /* Project object */;
			proxyType = 1;
			remoteGlobalIDString = 7FF919AB23FCC56A004B8CF9;
			remoteInfo = "playdate-app";
		};
		7FF919D123FCC56B004B8CF9 /* PBXContainerItemProxy */ = {
			isa = PBXContainerItemProxy;
			containerPortal = 7FF919A423FCC56A004B8CF9 /* Project object */;
			proxyType = 1;
			remoteGlobalIDString = 7FF919AB23FCC56A004B8CF9;
			remoteInfo = "playdate-app";
		};
/* End PBXContainerItemProxy section */

/* Begin PBXFileReference section */
		7FA348322414700A00B00C31 /* Base */ = {isa = PBXFileReference; lastKnownFileType = file.storyboard; name = Base; path = Base.lproj/Main.import.storyboard; sourceTree = "<group>"; };
		7FA34834241472E000B00C31 /* SettingsViewController.swift */ = {isa = PBXFileReference; fileEncoding = 4; lastKnownFileType = sourcecode.swift; path = SettingsViewController.swift; sourceTree = "<group>"; };
		7FA34838241473E900B00C31 /* MyEventsViewController.swift */ = {isa = PBXFileReference; fileEncoding = 4; lastKnownFileType = sourcecode.swift; path = MyEventsViewController.swift; sourceTree = "<group>"; };
		7FA3483B2414768A00B00C31 /* MockDataSource.swift */ = {isa = PBXFileReference; lastKnownFileType = sourcecode.swift; path = MockDataSource.swift; sourceTree = "<group>"; };
		7FA3483C2414768A00B00C31 /* EventData.swift */ = {isa = PBXFileReference; lastKnownFileType = sourcecode.swift; path = EventData.swift; sourceTree = "<group>"; };
		7FA3483D2414768A00B00C31 /* EventDataSource.swift */ = {isa = PBXFileReference; lastKnownFileType = sourcecode.swift; path = EventDataSource.swift; sourceTree = "<group>"; };
		7FF919AC23FCC56A004B8CF9 /* PlayDate.app */ = {isa = PBXFileReference; explicitFileType = wrapper.application; includeInIndex = 0; path = PlayDate.app; sourceTree = BUILT_PRODUCTS_DIR; };
		7FF919AF23FCC56A004B8CF9 /* AppDelegate.swift */ = {isa = PBXFileReference; lastKnownFileType = sourcecode.swift; path = AppDelegate.swift; sourceTree = "<group>"; };
		7FF919B123FCC56A004B8CF9 /* SceneDelegate.swift */ = {isa = PBXFileReference; lastKnownFileType = sourcecode.swift; path = SceneDelegate.swift; sourceTree = "<group>"; };
		7FF919B323FCC56A004B8CF9 /* ViewController.swift */ = {isa = PBXFileReference; lastKnownFileType = sourcecode.swift; path = ViewController.swift; sourceTree = "<group>"; };
		7FF919B623FCC56A004B8CF9 /* Base */ = {isa = PBXFileReference; lastKnownFileType = file.storyboard; name = Base; path = Base.lproj/Main.storyboard; sourceTree = "<group>"; };
		7FF919B923FCC56A004B8CF9 /* playdate_app.xcdatamodel */ = {isa = PBXFileReference; lastKnownFileType = wrapper.xcdatamodel; path = playdate_app.xcdatamodel; sourceTree = "<group>"; };
		7FF919BB23FCC56B004B8CF9 /* Assets.xcassets */ = {isa = PBXFileReference; lastKnownFileType = folder.assetcatalog; path = Assets.xcassets; sourceTree = "<group>"; };
		7FF919BE23FCC56B004B8CF9 /* Base */ = {isa = PBXFileReference; lastKnownFileType = file.storyboard; name = Base; path = Base.lproj/LaunchScreen.storyboard; sourceTree = "<group>"; };
		7FF919C023FCC56B004B8CF9 /* Info.plist */ = {isa = PBXFileReference; lastKnownFileType = text.plist.xml; path = Info.plist; sourceTree = "<group>"; };
		7FF919C523FCC56B004B8CF9 /* playdate-appTests.xctest */ = {isa = PBXFileReference; explicitFileType = wrapper.cfbundle; includeInIndex = 0; path = "playdate-appTests.xctest"; sourceTree = BUILT_PRODUCTS_DIR; };
		7FF919C923FCC56B004B8CF9 /* playdate_appTests.swift */ = {isa = PBXFileReference; lastKnownFileType = sourcecode.swift; path = playdate_appTests.swift; sourceTree = "<group>"; };
		7FF919CB23FCC56B004B8CF9 /* Info.plist */ = {isa = PBXFileReference; lastKnownFileType = text.plist.xml; path = Info.plist; sourceTree = "<group>"; };
		7FF919D023FCC56B004B8CF9 /* playdate-appUITests.xctest */ = {isa = PBXFileReference; explicitFileType = wrapper.cfbundle; includeInIndex = 0; path = "playdate-appUITests.xctest"; sourceTree = BUILT_PRODUCTS_DIR; };
		7FF919D423FCC56B004B8CF9 /* playdate_appUITests.swift */ = {isa = PBXFileReference; lastKnownFileType = sourcecode.swift; path = playdate_appUITests.swift; sourceTree = "<group>"; };
		7FF919D623FCC56B004B8CF9 /* Info.plist */ = {isa = PBXFileReference; lastKnownFileType = text.plist.xml; path = Info.plist; sourceTree = "<group>"; };
/* End PBXFileReference section */

/* Begin PBXFrameworksBuildPhase section */
		7FF919A923FCC56A004B8CF9 /* Frameworks */ = {
			isa = PBXFrameworksBuildPhase;
			buildActionMask = 2147483647;
			files = (
			);
			runOnlyForDeploymentPostprocessing = 0;
		};
		7FF919C223FCC56B004B8CF9 /* Frameworks */ = {
			isa = PBXFrameworksBuildPhase;
			buildActionMask = 2147483647;
			files = (
			);
			runOnlyForDeploymentPostprocessing = 0;
		};
		7FF919CD23FCC56B004B8CF9 /* Frameworks */ = {
			isa = PBXFrameworksBuildPhase;
			buildActionMask = 2147483647;
			files = (
			);
			runOnlyForDeploymentPostprocessing = 0;
		};
/* End PBXFrameworksBuildPhase section */

/* Begin PBXGroup section */
		7FF919A323FCC56A004B8CF9 = {
			isa = PBXGroup;
			children = (
				7FF919AE23FCC56A004B8CF9 /* playdate-app */,
				7FF919C823FCC56B004B8CF9 /* playdate-appTests */,
				7FF919D323FCC56B004B8CF9 /* playdate-appUITests */,
				7FF919AD23FCC56A004B8CF9 /* Products */,
			);
			sourceTree = "<group>";
		};
		7FF919AD23FCC56A004B8CF9 /* Products */ = {
			isa = PBXGroup;
			children = (
				7FF919AC23FCC56A004B8CF9 /* PlayDate.app */,
				7FF919C523FCC56B004B8CF9 /* playdate-appTests.xctest */,
				7FF919D023FCC56B004B8CF9 /* playdate-appUITests.xctest */,
			);
			name = Products;
			sourceTree = "<group>";
		};
		7FF919AE23FCC56A004B8CF9 /* playdate-app */ = {
			isa = PBXGroup;
			children = (
				7FF919AF23FCC56A004B8CF9 /* AppDelegate.swift */,
				7FF919B123FCC56A004B8CF9 /* SceneDelegate.swift */,
				7FA3483C2414768A00B00C31 /* EventData.swift */,
				7FA3483D2414768A00B00C31 /* EventDataSource.swift */,
				7FA3483B2414768A00B00C31 /* MockDataSource.swift */,
				7FF919B323FCC56A004B8CF9 /* ViewController.swift */,
				7FF919B523FCC56A004B8CF9 /* Main.storyboard */,
				7FA34838241473E900B00C31 /* MyEventsViewController.swift */,
				7FA34834241472E000B00C31 /* SettingsViewController.swift */,
				7FA348312414700A00B00C31 /* Main.import.storyboard */,
				7FF919BB23FCC56B004B8CF9 /* Assets.xcassets */,
				7FF919BD23FCC56B004B8CF9 /* LaunchScreen.storyboard */,
				7FF919C023FCC56B004B8CF9 /* Info.plist */,
				7FF919B823FCC56A004B8CF9 /* playdate_app.xcdatamodeld */,
			);
			path = "playdate-app";
			sourceTree = "<group>";
		};
		7FF919C823FCC56B004B8CF9 /* playdate-appTests */ = {
			isa = PBXGroup;
			children = (
				7FF919C923FCC56B004B8CF9 /* playdate_appTests.swift */,
				7FF919CB23FCC56B004B8CF9 /* Info.plist */,
			);
			path = "playdate-appTests";
			sourceTree = "<group>";
		};
		7FF919D323FCC56B004B8CF9 /* playdate-appUITests */ = {
			isa = PBXGroup;
			children = (
				7FF919D423FCC56B004B8CF9 /* playdate_appUITests.swift */,
				7FF919D623FCC56B004B8CF9 /* Info.plist */,
			);
			path = "playdate-appUITests";
			sourceTree = "<group>";
		};
/* End PBXGroup section */

/* Begin PBXNativeTarget section */
		7FF919AB23FCC56A004B8CF9 /* playdate-app */ = {
			isa = PBXNativeTarget;
			buildConfigurationList = 7FF919D923FCC56B004B8CF9 /* Build configuration list for PBXNativeTarget "playdate-app" */;
			buildPhases = (
				7FF919A823FCC56A004B8CF9 /* Sources */,
				7FF919A923FCC56A004B8CF9 /* Frameworks */,
				7FF919AA23FCC56A004B8CF9 /* Resources */,
			);
			buildRules = (
			);
			dependencies = (
			);
			name = "playdate-app";
			productName = "playdate-app";
			productReference = 7FF919AC23FCC56A004B8CF9 /* PlayDate.app */;
			productType = "com.apple.product-type.application";
		};
		7FF919C423FCC56B004B8CF9 /* playdate-appTests */ = {
			isa = PBXNativeTarget;
			buildConfigurationList = 7FF919DC23FCC56B004B8CF9 /* Build configuration list for PBXNativeTarget "playdate-appTests" */;
			buildPhases = (
				7FF919C123FCC56B004B8CF9 /* Sources */,
				7FF919C223FCC56B004B8CF9 /* Frameworks */,
				7FF919C323FCC56B004B8CF9 /* Resources */,
			);
			buildRules = (
			);
			dependencies = (
				7FF919C723FCC56B004B8CF9 /* PBXTargetDependency */,
			);
			name = "playdate-appTests";
			productName = "playdate-appTests";
			productReference = 7FF919C523FCC56B004B8CF9 /* playdate-appTests.xctest */;
			productType = "com.apple.product-type.bundle.unit-test";
		};
		7FF919CF23FCC56B004B8CF9 /* playdate-appUITests */ = {
			isa = PBXNativeTarget;
			buildConfigurationList = 7FF919DF23FCC56B004B8CF9 /* Build configuration list for PBXNativeTarget "playdate-appUITests" */;
			buildPhases = (
				7FF919CC23FCC56B004B8CF9 /* Sources */,
				7FF919CD23FCC56B004B8CF9 /* Frameworks */,
				7FF919CE23FCC56B004B8CF9 /* Resources */,
			);
			buildRules = (
			);
			dependencies = (
				7FF919D223FCC56B004B8CF9 /* PBXTargetDependency */,
			);
			name = "playdate-appUITests";
			productName = "playdate-appUITests";
			productReference = 7FF919D023FCC56B004B8CF9 /* playdate-appUITests.xctest */;
			productType = "com.apple.product-type.bundle.ui-testing";
		};
/* End PBXNativeTarget section */

/* Begin PBXProject section */
		7FF919A423FCC56A004B8CF9 /* Project object */ = {
			isa = PBXProject;
			attributes = {
				LastSwiftUpdateCheck = 1130;
				LastUpgradeCheck = 1130;
				ORGANIZATIONNAME = "Jared Rankin";
				TargetAttributes = {
					7FF919AB23FCC56A004B8CF9 = {
						CreatedOnToolsVersion = 11.3.1;
					};
					7FF919C423FCC56B004B8CF9 = {
						CreatedOnToolsVersion = 11.3.1;
						TestTargetID = 7FF919AB23FCC56A004B8CF9;
					};
					7FF919CF23FCC56B004B8CF9 = {
						CreatedOnToolsVersion = 11.3.1;
						TestTargetID = 7FF919AB23FCC56A004B8CF9;
					};
				};
			};
			buildConfigurationList = 7FF919A723FCC56A004B8CF9 /* Build configuration list for PBXProject "playdate-app" */;
			compatibilityVersion = "Xcode 9.3";
			developmentRegion = en;
			hasScannedForEncodings = 0;
			knownRegions = (
				en,
				Base,
			);
			mainGroup = 7FF919A323FCC56A004B8CF9;
			productRefGroup = 7FF919AD23FCC56A004B8CF9 /* Products */;
			projectDirPath = "";
			projectRoot = "";
			targets = (
				7FF919AB23FCC56A004B8CF9 /* playdate-app */,
				7FF919C423FCC56B004B8CF9 /* playdate-appTests */,
				7FF919CF23FCC56B004B8CF9 /* playdate-appUITests */,
			);
		};
/* End PBXProject section */

/* Begin PBXResourcesBuildPhase section */
		7FF919AA23FCC56A004B8CF9 /* Resources */ = {
			isa = PBXResourcesBuildPhase;
			buildActionMask = 2147483647;
			files = (
				7FF919BF23FCC56B004B8CF9 /* LaunchScreen.storyboard in Resources */,
				7FF919BC23FCC56B004B8CF9 /* Assets.xcassets in Resources */,
				7FF919B723FCC56A004B8CF9 /* Main.storyboard in Resources */,
				7FA348332414700A00B00C31 /* Main.import.storyboard in Resources */,
			);
			runOnlyForDeploymentPostprocessing = 0;
		};
		7FF919C323FCC56B004B8CF9 /* Resources */ = {
			isa = PBXResourcesBuildPhase;
			buildActionMask = 2147483647;
			files = (
			);
			runOnlyForDeploymentPostprocessing = 0;
		};
		7FF919CE23FCC56B004B8CF9 /* Resources */ = {
			isa = PBXResourcesBuildPhase;
			buildActionMask = 2147483647;
			files = (
			);
			runOnlyForDeploymentPostprocessing = 0;
		};
/* End PBXResourcesBuildPhase section */

/* Begin PBXSourcesBuildPhase section */
		7FF919A823FCC56A004B8CF9 /* Sources */ = {
			isa = PBXSourcesBuildPhase;
			buildActionMask = 2147483647;
			files = (
				7FA348402414768A00B00C31 /* MockDataSource.swift in Sources */,
				7FF919B423FCC56A004B8CF9 /* ViewController.swift in Sources */,
				7FA34839241473E900B00C31 /* MyEventsViewController.swift in Sources */,
				7FF919BA23FCC56A004B8CF9 /* playdate_app.xcdatamodeld in Sources */,
				7FF919B023FCC56A004B8CF9 /* AppDelegate.swift in Sources */,
				7FA34835241472E000B00C31 /* SettingsViewController.swift in Sources */,
				7FA3483E2414768A00B00C31 /* EventDataSource.swift in Sources */,
				7FA3483F2414768A00B00C31 /* EventData.swift in Sources */,
				7FF919B223FCC56A004B8CF9 /* SceneDelegate.swift in Sources */,
			);
			runOnlyForDeploymentPostprocessing = 0;
		};
		7FF919C123FCC56B004B8CF9 /* Sources */ = {
			isa = PBXSourcesBuildPhase;
			buildActionMask = 2147483647;
			files = (
				7FF919CA23FCC56B004B8CF9 /* playdate_appTests.swift in Sources */,
			);
			runOnlyForDeploymentPostprocessing = 0;
		};
		7FF919CC23FCC56B004B8CF9 /* Sources */ = {
			isa = PBXSourcesBuildPhase;
			buildActionMask = 2147483647;
			files = (
				7FF919D523FCC56B004B8CF9 /* playdate_appUITests.swift in Sources */,
			);
			runOnlyForDeploymentPostprocessing = 0;
		};
/* End PBXSourcesBuildPhase section */

/* Begin PBXTargetDependency section */
		7FF919C723FCC56B004B8CF9 /* PBXTargetDependency */ = {
			isa = PBXTargetDependency;
			target = 7FF919AB23FCC56A004B8CF9 /* playdate-app */;
			targetProxy = 7FF919C623FCC56B004B8CF9 /* PBXContainerItemProxy */;
		};
		7FF919D223FCC56B004B8CF9 /* PBXTargetDependency */ = {
			isa = PBXTargetDependency;
			target = 7FF919AB23FCC56A004B8CF9 /* playdate-app */;
			targetProxy = 7FF919D123FCC56B004B8CF9 /* PBXContainerItemProxy */;
		};
/* End PBXTargetDependency section */

/* Begin PBXVariantGroup section */
		7FA348312414700A00B00C31 /* Main.import.storyboard */ = {
			isa = PBXVariantGroup;
			children = (
				7FA348322414700A00B00C31 /* Base */,
			);
			name = Main.import.storyboard;
			sourceTree = "<group>";
		};
		7FF919B523FCC56A004B8CF9 /* Main.storyboard */ = {
			isa = PBXVariantGroup;
			children = (
				7FF919B623FCC56A004B8CF9 /* Base */,
			);
			name = Main.storyboard;
			sourceTree = "<group>";
		};
		7FF919BD23FCC56B004B8CF9 /* LaunchScreen.storyboard */ = {
			isa = PBXVariantGroup;
			children = (
				7FF919BE23FCC56B004B8CF9 /* Base */,
			);
			name = LaunchScreen.storyboard;
			sourceTree = "<group>";
		};
/* End PBXVariantGroup section */

/* Begin XCBuildConfiguration section */
		7FF919D723FCC56B004B8CF9 /* Debug */ = {
			isa = XCBuildConfiguration;
			buildSettings = {
				ALWAYS_SEARCH_USER_PATHS = NO;
				CLANG_ANALYZER_NONNULL = YES;
				CLANG_ANALYZER_NUMBER_OBJECT_CONVERSION = YES_AGGRESSIVE;
				CLANG_CXX_LANGUAGE_STANDARD = "gnu++14";
				CLANG_CXX_LIBRARY = "libc++";
				CLANG_ENABLE_MODULES = YES;
				CLANG_ENABLE_OBJC_ARC = YES;
				CLANG_ENABLE_OBJC_WEAK = YES;
				CLANG_WARN_BLOCK_CAPTURE_AUTORELEASING = YES;
				CLANG_WARN_BOOL_CONVERSION = YES;
				CLANG_WARN_COMMA = YES;
				CLANG_WARN_CONSTANT_CONVERSION = YES;
				CLANG_WARN_DEPRECATED_OBJC_IMPLEMENTATIONS = YES;
				CLANG_WARN_DIRECT_OBJC_ISA_USAGE = YES_ERROR;
				CLANG_WARN_DOCUMENTATION_COMMENTS = YES;
				CLANG_WARN_EMPTY_BODY = YES;
				CLANG_WARN_ENUM_CONVERSION = YES;
				CLANG_WARN_INFINITE_RECURSION = YES;
				CLANG_WARN_INT_CONVERSION = YES;
				CLANG_WARN_NON_LITERAL_NULL_CONVERSION = YES;
				CLANG_WARN_OBJC_IMPLICIT_RETAIN_SELF = YES;
				CLANG_WARN_OBJC_LITERAL_CONVERSION = YES;
				CLANG_WARN_OBJC_ROOT_CLASS = YES_ERROR;
				CLANG_WARN_RANGE_LOOP_ANALYSIS = YES;
				CLANG_WARN_STRICT_PROTOTYPES = YES;
				CLANG_WARN_SUSPICIOUS_MOVE = YES;
				CLANG_WARN_UNGUARDED_AVAILABILITY = YES_AGGRESSIVE;
				CLANG_WARN_UNREACHABLE_CODE = YES;
				CLANG_WARN__DUPLICATE_METHOD_MATCH = YES;
				COPY_PHASE_STRIP = NO;
				DEBUG_INFORMATION_FORMAT = dwarf;
				ENABLE_STRICT_OBJC_MSGSEND = YES;
				ENABLE_TESTABILITY = YES;
				GCC_C_LANGUAGE_STANDARD = gnu11;
				GCC_DYNAMIC_NO_PIC = NO;
				GCC_NO_COMMON_BLOCKS = YES;
				GCC_OPTIMIZATION_LEVEL = 0;
				GCC_PREPROCESSOR_DEFINITIONS = (
					"DEBUG=1",
					"$(inherited)",
				);
				GCC_WARN_64_TO_32_BIT_CONVERSION = YES;
				GCC_WARN_ABOUT_RETURN_TYPE = YES_ERROR;
				GCC_WARN_UNDECLARED_SELECTOR = YES;
				GCC_WARN_UNINITIALIZED_AUTOS = YES_AGGRESSIVE;
				GCC_WARN_UNUSED_FUNCTION = YES;
				GCC_WARN_UNUSED_VARIABLE = YES;
				IPHONEOS_DEPLOYMENT_TARGET = 13.2;
				MTL_ENABLE_DEBUG_INFO = INCLUDE_SOURCE;
				MTL_FAST_MATH = YES;
				ONLY_ACTIVE_ARCH = YES;
				SDKROOT = iphoneos;
				SWIFT_ACTIVE_COMPILATION_CONDITIONS = DEBUG;
				SWIFT_OPTIMIZATION_LEVEL = "-Onone";
			};
			name = Debug;
		};
		7FF919D823FCC56B004B8CF9 /* Release */ = {
			isa = XCBuildConfiguration;
			buildSettings = {
				ALWAYS_SEARCH_USER_PATHS = NO;
				CLANG_ANALYZER_NONNULL = YES;
				CLANG_ANALYZER_NUMBER_OBJECT_CONVERSION = YES_AGGRESSIVE;
				CLANG_CXX_LANGUAGE_STANDARD = "gnu++14";
				CLANG_CXX_LIBRARY = "libc++";
				CLANG_ENABLE_MODULES = YES;
				CLANG_ENABLE_OBJC_ARC = YES;
				CLANG_ENABLE_OBJC_WEAK = YES;
				CLANG_WARN_BLOCK_CAPTURE_AUTORELEASING = YES;
				CLANG_WARN_BOOL_CONVERSION = YES;
				CLANG_WARN_COMMA = YES;
				CLANG_WARN_CONSTANT_CONVERSION = YES;
				CLANG_WARN_DEPRECATED_OBJC_IMPLEMENTATIONS = YES;
				CLANG_WARN_DIRECT_OBJC_ISA_USAGE = YES_ERROR;
				CLANG_WARN_DOCUMENTATION_COMMENTS = YES;
				CLANG_WARN_EMPTY_BODY = YES;
				CLANG_WARN_ENUM_CONVERSION = YES;
				CLANG_WARN_INFINITE_RECURSION = YES;
				CLANG_WARN_INT_CONVERSION = YES;
				CLANG_WARN_NON_LITERAL_NULL_CONVERSION = YES;
				CLANG_WARN_OBJC_IMPLICIT_RETAIN_SELF = YES;
				CLANG_WARN_OBJC_LITERAL_CONVERSION = YES;
				CLANG_WARN_OBJC_ROOT_CLASS = YES_ERROR;
				CLANG_WARN_RANGE_LOOP_ANALYSIS = YES;
				CLANG_WARN_STRICT_PROTOTYPES = YES;
				CLANG_WARN_SUSPICIOUS_MOVE = YES;
				CLANG_WARN_UNGUARDED_AVAILABILITY = YES_AGGRESSIVE;
				CLANG_WARN_UNREACHABLE_CODE = YES;
				CLANG_WARN__DUPLICATE_METHOD_MATCH = YES;
				COPY_PHASE_STRIP = NO;
				DEBUG_INFORMATION_FORMAT = "dwarf-with-dsym";
				ENABLE_NS_ASSERTIONS = NO;
				ENABLE_STRICT_OBJC_MSGSEND = YES;
				GCC_C_LANGUAGE_STANDARD = gnu11;
				GCC_NO_COMMON_BLOCKS = YES;
				GCC_WARN_64_TO_32_BIT_CONVERSION = YES;
				GCC_WARN_ABOUT_RETURN_TYPE = YES_ERROR;
				GCC_WARN_UNDECLARED_SELECTOR = YES;
				GCC_WARN_UNINITIALIZED_AUTOS = YES_AGGRESSIVE;
				GCC_WARN_UNUSED_FUNCTION = YES;
				GCC_WARN_UNUSED_VARIABLE = YES;
				IPHONEOS_DEPLOYMENT_TARGET = 13.2;
				MTL_ENABLE_DEBUG_INFO = NO;
				MTL_FAST_MATH = YES;
				SDKROOT = iphoneos;
				SWIFT_COMPILATION_MODE = wholemodule;
				SWIFT_OPTIMIZATION_LEVEL = "-O";
				VALIDATE_PRODUCT = YES;
			};
			name = Release;
		};
		7FF919DA23FCC56B004B8CF9 /* Debug */ = {
			isa = XCBuildConfiguration;
			buildSettings = {
				ASSETCATALOG_COMPILER_APPICON_NAME = AppIcon;
				CODE_SIGN_STYLE = Automatic;
				INFOPLIST_FILE = "playdate-app/Info.plist";
				LD_RUNPATH_SEARCH_PATHS = (
					"$(inherited)",
					"@executable_path/Frameworks",
				);
				PRODUCT_BUNDLE_IDENTIFIER = "net.jd92k.playdate-app";
				PRODUCT_NAME = PlayDate;
				SWIFT_VERSION = 5.0;
				TARGETED_DEVICE_FAMILY = "1,2";
			};
			name = Debug;
		};
		7FF919DB23FCC56B004B8CF9 /* Release */ = {
			isa = XCBuildConfiguration;
			buildSettings = {
				ASSETCATALOG_COMPILER_APPICON_NAME = AppIcon;
				CODE_SIGN_STYLE = Automatic;
				INFOPLIST_FILE = "playdate-app/Info.plist";
				LD_RUNPATH_SEARCH_PATHS = (
					"$(inherited)",
					"@executable_path/Frameworks",
				);
				PRODUCT_BUNDLE_IDENTIFIER = "net.jd92k.playdate-app";
				PRODUCT_NAME = PlayDate;
				SWIFT_VERSION = 5.0;
				TARGETED_DEVICE_FAMILY = "1,2";
			};
			name = Release;
		};
		7FF919DD23FCC56B004B8CF9 /* Debug */ = {
			isa = XCBuildConfiguration;
			buildSettings = {
				ALWAYS_EMBED_SWIFT_STANDARD_LIBRARIES = YES;
				BUNDLE_LOADER = "$(TEST_HOST)";
				CODE_SIGN_STYLE = Automatic;
				INFOPLIST_FILE = "playdate-appTests/Info.plist";
				IPHONEOS_DEPLOYMENT_TARGET = 13.2;
				LD_RUNPATH_SEARCH_PATHS = (
					"$(inherited)",
					"@executable_path/Frameworks",
					"@loader_path/Frameworks",
				);
				PRODUCT_BUNDLE_IDENTIFIER = "net.jd92k.playdate-appTests";
				PRODUCT_NAME = "$(TARGET_NAME)";
				SWIFT_VERSION = 5.0;
				TARGETED_DEVICE_FAMILY = "1,2";
				TEST_HOST = "$(BUILT_PRODUCTS_DIR)/playdate-app.app/playdate-app";
			};
			name = Debug;
		};
		7FF919DE23FCC56B004B8CF9 /* Release */ = {
			isa = XCBuildConfiguration;
			buildSettings = {
				ALWAYS_EMBED_SWIFT_STANDARD_LIBRARIES = YES;
				BUNDLE_LOADER = "$(TEST_HOST)";
				CODE_SIGN_STYLE = Automatic;
				INFOPLIST_FILE = "playdate-appTests/Info.plist";
				IPHONEOS_DEPLOYMENT_TARGET = 13.2;
				LD_RUNPATH_SEARCH_PATHS = (
					"$(inherited)",
					"@executable_path/Frameworks",
					"@loader_path/Frameworks",
				);
				PRODUCT_BUNDLE_IDENTIFIER = "net.jd92k.playdate-appTests";
				PRODUCT_NAME = "$(TARGET_NAME)";
				SWIFT_VERSION = 5.0;
				TARGETED_DEVICE_FAMILY = "1,2";
				TEST_HOST = "$(BUILT_PRODUCTS_DIR)/playdate-app.app/playdate-app";
			};
			name = Release;
		};
		7FF919E023FCC56B004B8CF9 /* Debug */ = {
			isa = XCBuildConfiguration;
			buildSettings = {
				ALWAYS_EMBED_SWIFT_STANDARD_LIBRARIES = YES;
				CODE_SIGN_STYLE = Automatic;
				INFOPLIST_FILE = "playdate-appUITests/Info.plist";
				LD_RUNPATH_SEARCH_PATHS = (
					"$(inherited)",
					"@executable_path/Frameworks",
					"@loader_path/Frameworks",
				);
				PRODUCT_BUNDLE_IDENTIFIER = "net.jd92k.playdate-appUITests";
				PRODUCT_NAME = "$(TARGET_NAME)";
				SWIFT_VERSION = 5.0;
				TARGETED_DEVICE_FAMILY = "1,2";
				TEST_TARGET_NAME = "playdate-app";
			};
			name = Debug;
		};
		7FF919E123FCC56B004B8CF9 /* Release */ = {
			isa = XCBuildConfiguration;
			buildSettings = {
				ALWAYS_EMBED_SWIFT_STANDARD_LIBRARIES = YES;
				CODE_SIGN_STYLE = Automatic;
				INFOPLIST_FILE = "playdate-appUITests/Info.plist";
				LD_RUNPATH_SEARCH_PATHS = (
					"$(inherited)",
					"@executable_path/Frameworks",
					"@loader_path/Frameworks",
				);
				PRODUCT_BUNDLE_IDENTIFIER = "net.jd92k.playdate-appUITests";
				PRODUCT_NAME = "$(TARGET_NAME)";
				SWIFT_VERSION = 5.0;
				TARGETED_DEVICE_FAMILY = "1,2";
				TEST_TARGET_NAME = "playdate-app";
			};
			name = Release;
		};
/* End XCBuildConfiguration section */

/* Begin XCConfigurationList section */
		7FF919A723FCC56A004B8CF9 /* Build configuration list for PBXProject "playdate-app" */ = {
			isa = XCConfigurationList;
			buildConfigurations = (
				7FF919D723FCC56B004B8CF9 /* Debug */,
				7FF919D823FCC56B004B8CF9 /* Release */,
			);
			defaultConfigurationIsVisible = 0;
			defaultConfigurationName = Release;
		};
		7FF919D923FCC56B004B8CF9 /* Build configuration list for PBXNativeTarget "playdate-app" */ = {
			isa = XCConfigurationList;
			buildConfigurations = (
				7FF919DA23FCC56B004B8CF9 /* Debug */,
				7FF919DB23FCC56B004B8CF9 /* Release */,
			);
			defaultConfigurationIsVisible = 0;
			defaultConfigurationName = Release;
		};
		7FF919DC23FCC56B004B8CF9 /* Build configuration list for PBXNativeTarget "playdate-appTests" */ = {
			isa = XCConfigurationList;
			buildConfigurations = (
				7FF919DD23FCC56B004B8CF9 /* Debug */,
				7FF919DE23FCC56B004B8CF9 /* Release */,
			);
			defaultConfigurationIsVisible = 0;
			defaultConfigurationName = Release;
		};
		7FF919DF23FCC56B004B8CF9 /* Build configuration list for PBXNativeTarget "playdate-appUITests" */ = {
			isa = XCConfigurationList;
			buildConfigurations = (
				7FF919E023FCC56B004B8CF9 /* Debug */,
				7FF919E123FCC56B004B8CF9 /* Release */,
			);
			defaultConfigurationIsVisible = 0;
			defaultConfigurationName = Release;
		};
/* End XCConfigurationList section */

/* Begin XCVersionGroup section */
		7FF919B823FCC56A004B8CF9 /* playdate_app.xcdatamodeld */ = {
			isa = XCVersionGroup;
			children = (
				7FF919B923FCC56A004B8CF9 /* playdate_app.xcdatamodel */,
			);
			currentVersion = 7FF919B923FCC56A004B8CF9 /* playdate_app.xcdatamodel */;
			path = playdate_app.xcdatamodeld;
			sourceTree = "<group>";
			versionGroupType = wrapper.xcdatamodel;
		};
/* End XCVersionGroup section */
	};
	rootObject = 7FF919A423FCC56A004B8CF9 /* Project object */;
}
